// !$*UTF8*$!
{
	archiveVersion = 1;
	classes = {
	};
	objectVersion = 46;
	objects = {

/* Begin PBXBuildFile section */
		9C0674C3192A78A4003E74FB /* Foundation.framework in Frameworks */ = {isa = PBXBuildFile; fileRef = 9C0674C2192A78A4003E74FB /* Foundation.framework */; };
		9C0674C5192A78A4003E74FB /* CoreGraphics.framework in Frameworks */ = {isa = PBXBuildFile; fileRef = 9C0674C4192A78A4003E74FB /* CoreGraphics.framework */; };
		9C0674C7192A78A4003E74FB /* UIKit.framework in Frameworks */ = {isa = PBXBuildFile; fileRef = 9C0674C6192A78A4003E74FB /* UIKit.framework */; };
		9C0674CD192A78A4003E74FB /* InfoPlist.strings in Resources */ = {isa = PBXBuildFile; fileRef = 9C0674CB192A78A4003E74FB /* InfoPlist.strings */; };
		9C0674CF192A78A4003E74FB /* main.m in Sources */ = {isa = PBXBuildFile; fileRef = 9C0674CE192A78A4003E74FB /* main.m */; };
		9C0674D3192A78A4003E74FB /* PPAppDelegate.m in Sources */ = {isa = PBXBuildFile; fileRef = 9C0674D2192A78A4003E74FB /* PPAppDelegate.m */; };
		9C0674D5192A78A4003E74FB /* Images.xcassets in Resources */ = {isa = PBXBuildFile; fileRef = 9C0674D4192A78A4003E74FB /* Images.xcassets */; };
		9C0674DC192A78A4003E74FB /* XCTest.framework in Frameworks */ = {isa = PBXBuildFile; fileRef = 9C0674DB192A78A4003E74FB /* XCTest.framework */; };
		9C0674DD192A78A4003E74FB /* Foundation.framework in Frameworks */ = {isa = PBXBuildFile; fileRef = 9C0674C2192A78A4003E74FB /* Foundation.framework */; };
		9C0674DE192A78A4003E74FB /* UIKit.framework in Frameworks */ = {isa = PBXBuildFile; fileRef = 9C0674C6192A78A4003E74FB /* UIKit.framework */; };
		9C0674E6192A78A4003E74FB /* InfoPlist.strings in Resources */ = {isa = PBXBuildFile; fileRef = 9C0674E4192A78A4003E74FB /* InfoPlist.strings */; };
		9C0674E8192A78A4003E74FB /* PeepsiesTests.m in Sources */ = {isa = PBXBuildFile; fileRef = 9C0674E7192A78A4003E74FB /* PeepsiesTests.m */; };
		9C5C7F41192BDD06002B061D /* DrawingViewController.m in Sources */ = {isa = PBXBuildFile; fileRef = 9C5C7F3B192BDD06002B061D /* DrawingViewController.m */; };
		9C5C7F42192BDD06002B061D /* DrawingAttributesViewController.m in Sources */ = {isa = PBXBuildFile; fileRef = 9C5C7F3D192BDD06002B061D /* DrawingAttributesViewController.m */; };
		9C5C7F43192BDD06002B061D /* DrawingAttributesView.xib in Resources */ = {isa = PBXBuildFile; fileRef = 9C5C7F3E192BDD06002B061D /* DrawingAttributesView.xib */; };
		9C5C7F44192BDD06002B061D /* DrawView.m in Sources */ = {isa = PBXBuildFile; fileRef = 9C5C7F40192BDD06002B061D /* DrawView.m */; };
		9C5C7F68192BDD33002B061D /* DLCPDoubleAxisSlider.m in Sources */ = {isa = PBXBuildFile; fileRef = 9C5C7F47192BDD33002B061D /* DLCPDoubleAxisSlider.m */; };
		9C5C7F69192BDD33002B061D /* DLCPSingleAxisSlider.m in Sources */ = {isa = PBXBuildFile; fileRef = 9C5C7F4A192BDD33002B061D /* DLCPSingleAxisSlider.m */; };
		9C5C7F6A192BDD33002B061D /* DLCPBackgroundLayer.m in Sources */ = {isa = PBXBuildFile; fileRef = 9C5C7F4C192BDD33002B061D /* DLCPBackgroundLayer.m */; };
		9C5C7F6B192BDD33002B061D /* DLCPCheckerBoard.m in Sources */ = {isa = PBXBuildFile; fileRef = 9C5C7F4E192BDD33002B061D /* DLCPCheckerBoard.m */; };
		9C5C7F6C192BDD33002B061D /* DLCPIndicatorLayer.m in Sources */ = {isa = PBXBuildFile; fileRef = 9C5C7F50192BDD33002B061D /* DLCPIndicatorLayer.m */; };
		9C5C7F6D192BDD33002B061D /* UIControl+DLCP.m in Sources */ = {isa = PBXBuildFile; fileRef = 9C5C7F52192BDD33002B061D /* UIControl+DLCP.m */; };
		9C5C7F6E192BDD33002B061D /* DLCPColorPickerController.m in Sources */ = {isa = PBXBuildFile; fileRef = 9C5C7F55192BDD33002B061D /* DLCPColorPickerController.m */; };
		9C5C7F6F192BDD33002B061D /* DLCPGradientColorPickerController.m in Sources */ = {isa = PBXBuildFile; fileRef = 9C5C7F58192BDD33002B061D /* DLCPGradientColorPickerController.m */; };
		9C5C7F70192BDD33002B061D /* DLCPWaterfallColorPickerController.m in Sources */ = {isa = PBXBuildFile; fileRef = 9C5C7F5B192BDD33002B061D /* DLCPWaterfallColorPickerController.m */; };
		9C5C7F71192BDD33002B061D /* DLCPAlphaPicker.m in Sources */ = {isa = PBXBuildFile; fileRef = 9C5C7F5D192BDD33002B061D /* DLCPAlphaPicker.m */; };
		9C5C7F72192BDD33002B061D /* DLCPBrightnessPicker.m in Sources */ = {isa = PBXBuildFile; fileRef = 9C5C7F5F192BDD33002B061D /* DLCPBrightnessPicker.m */; };
		9C5C7F73192BDD33002B061D /* DLCPHexPicker.m in Sources */ = {isa = PBXBuildFile; fileRef = 9C5C7F61192BDD33002B061D /* DLCPHexPicker.m */; };
		9C5C7F74192BDD33002B061D /* DLCPHuePicker.m in Sources */ = {isa = PBXBuildFile; fileRef = 9C5C7F63192BDD33002B061D /* DLCPHuePicker.m */; };
		9C5C7F75192BDD33002B061D /* DLCPHueSaturationPicker.m in Sources */ = {isa = PBXBuildFile; fileRef = 9C5C7F65192BDD33002B061D /* DLCPHueSaturationPicker.m */; };
		9C5C7F76192BDD33002B061D /* DLCPSaturationBrightnessPicker.m in Sources */ = {isa = PBXBuildFile; fileRef = 9C5C7F67192BDD33002B061D /* DLCPSaturationBrightnessPicker.m */; };
		9C7178CB192DBE260016BA14 /* PPNewPostCell.m in Sources */ = {isa = PBXBuildFile; fileRef = 9C7178CA192DBE260016BA14 /* PPNewPostCell.m */; };
		9C7178CF192FC6580016BA14 /* PPPeers.m in Sources */ = {isa = PBXBuildFile; fileRef = 9C7178CE192FC6580016BA14 /* PPPeers.m */; };
		9C7178D1192FC6D90016BA14 /* MultipeerConnectivity.framework in Frameworks */ = {isa = PBXBuildFile; fileRef = 9C7178D0192FC6D90016BA14 /* MultipeerConnectivity.framework */; };
		C356513F192EF92D00BFC912 /* PPCensusMessage.m in Sources */ = {isa = PBXBuildFile; fileRef = C356513E192EF92D00BFC912 /* PPCensusMessage.m */; };
		C3565142192EF9B000BFC912 /* PPIdentityMessage.m in Sources */ = {isa = PBXBuildFile; fileRef = C3565141192EF9B000BFC912 /* PPIdentityMessage.m */; };
		C3565145192EFA4A00BFC912 /* PPRequestMessage.m in Sources */ = {isa = PBXBuildFile; fileRef = C3565144192EFA4A00BFC912 /* PPRequestMessage.m */; };
		C3565148192EFA8600BFC912 /* PPMentionMessage.m in Sources */ = {isa = PBXBuildFile; fileRef = C3565147192EFA8600BFC912 /* PPMentionMessage.m */; };
		C365B98C192D256E00C47B99 /* PPMessage.m in Sources */ = {isa = PBXBuildFile; fileRef = C365B98B192D256E00C47B99 /* PPMessage.m */; };
		C365B98F192D27C600C47B99 /* PPPostMessage.m in Sources */ = {isa = PBXBuildFile; fileRef = C365B98E192D27C600C47B99 /* PPPostMessage.m */; };
		C3E1FB7D192A7E8000568C88 /* PPMainAppViewController.m in Sources */ = {isa = PBXBuildFile; fileRef = C3E1FB7B192A7E8000568C88 /* PPMainAppViewController.m */; };
		C3E1FB7E192A7E8000568C88 /* PPMainAppView.xib in Resources */ = {isa = PBXBuildFile; fileRef = C3E1FB7C192A7E8000568C88 /* PPMainAppView.xib */; };
		C3E1FB81192A84F800568C88 /* PPPostThumbnail.m in Sources */ = {isa = PBXBuildFile; fileRef = C3E1FB80192A84F800568C88 /* PPPostThumbnail.m */; };
/* End PBXBuildFile section */

/* Begin PBXContainerItemProxy section */
		9C0674DF192A78A4003E74FB /* PBXContainerItemProxy */ = {
			isa = PBXContainerItemProxy;
			containerPortal = 9C0674B7192A78A4003E74FB /* Project object */;
			proxyType = 1;
			remoteGlobalIDString = 9C0674BE192A78A4003E74FB;
			remoteInfo = Peepsies;
		};
/* End PBXContainerItemProxy section */

/* Begin PBXFileReference section */
		9C0674BF192A78A4003E74FB /* Peepsies.app */ = {isa = PBXFileReference; explicitFileType = wrapper.application; includeInIndex = 0; path = Peepsies.app; sourceTree = BUILT_PRODUCTS_DIR; };
		9C0674C2192A78A4003E74FB /* Foundation.framework */ = {isa = PBXFileReference; lastKnownFileType = wrapper.framework; name = Foundation.framework; path = System/Library/Frameworks/Foundation.framework; sourceTree = SDKROOT; };
		9C0674C4192A78A4003E74FB /* CoreGraphics.framework */ = {isa = PBXFileReference; lastKnownFileType = wrapper.framework; name = CoreGraphics.framework; path = System/Library/Frameworks/CoreGraphics.framework; sourceTree = SDKROOT; };
		9C0674C6192A78A4003E74FB /* UIKit.framework */ = {isa = PBXFileReference; lastKnownFileType = wrapper.framework; name = UIKit.framework; path = System/Library/Frameworks/UIKit.framework; sourceTree = SDKROOT; };
		9C0674CA192A78A4003E74FB /* Peepsies-Info.plist */ = {isa = PBXFileReference; lastKnownFileType = text.plist.xml; path = "Peepsies-Info.plist"; sourceTree = "<group>"; };
		9C0674CC192A78A4003E74FB /* en */ = {isa = PBXFileReference; lastKnownFileType = text.plist.strings; name = en; path = en.lproj/InfoPlist.strings; sourceTree = "<group>"; };
		9C0674CE192A78A4003E74FB /* main.m */ = {isa = PBXFileReference; lastKnownFileType = sourcecode.c.objc; path = main.m; sourceTree = "<group>"; };
		9C0674D0192A78A4003E74FB /* Peepsies-Prefix.pch */ = {isa = PBXFileReference; lastKnownFileType = sourcecode.c.h; path = "Peepsies-Prefix.pch"; sourceTree = "<group>"; };
		9C0674D1192A78A4003E74FB /* PPAppDelegate.h */ = {isa = PBXFileReference; lastKnownFileType = sourcecode.c.h; path = PPAppDelegate.h; sourceTree = "<group>"; };
		9C0674D2192A78A4003E74FB /* PPAppDelegate.m */ = {isa = PBXFileReference; lastKnownFileType = sourcecode.c.objc; path = PPAppDelegate.m; sourceTree = "<group>"; };
		9C0674D4192A78A4003E74FB /* Images.xcassets */ = {isa = PBXFileReference; lastKnownFileType = folder.assetcatalog; path = Images.xcassets; sourceTree = "<group>"; };
		9C0674DA192A78A4003E74FB /* PeepsiesTests.xctest */ = {isa = PBXFileReference; explicitFileType = wrapper.cfbundle; includeInIndex = 0; path = PeepsiesTests.xctest; sourceTree = BUILT_PRODUCTS_DIR; };
		9C0674DB192A78A4003E74FB /* XCTest.framework */ = {isa = PBXFileReference; lastKnownFileType = wrapper.framework; name = XCTest.framework; path = Library/Frameworks/XCTest.framework; sourceTree = DEVELOPER_DIR; };
		9C0674E3192A78A4003E74FB /* PeepsiesTests-Info.plist */ = {isa = PBXFileReference; lastKnownFileType = text.plist.xml; path = "PeepsiesTests-Info.plist"; sourceTree = "<group>"; };
		9C0674E5192A78A4003E74FB /* en */ = {isa = PBXFileReference; lastKnownFileType = text.plist.strings; name = en; path = en.lproj/InfoPlist.strings; sourceTree = "<group>"; };
		9C0674E7192A78A4003E74FB /* PeepsiesTests.m */ = {isa = PBXFileReference; lastKnownFileType = sourcecode.c.objc; path = PeepsiesTests.m; sourceTree = "<group>"; };
		9C5C7F3A192BDD06002B061D /* DrawingViewController.h */ = {isa = PBXFileReference; fileEncoding = 4; lastKnownFileType = sourcecode.c.h; path = DrawingViewController.h; sourceTree = "<group>"; };
		9C5C7F3B192BDD06002B061D /* DrawingViewController.m */ = {isa = PBXFileReference; fileEncoding = 4; lastKnownFileType = sourcecode.c.objc; path = DrawingViewController.m; sourceTree = "<group>"; };
		9C5C7F3C192BDD06002B061D /* DrawingAttributesViewController.h */ = {isa = PBXFileReference; fileEncoding = 4; lastKnownFileType = sourcecode.c.h; path = DrawingAttributesViewController.h; sourceTree = "<group>"; };
		9C5C7F3D192BDD06002B061D /* DrawingAttributesViewController.m */ = {isa = PBXFileReference; fileEncoding = 4; lastKnownFileType = sourcecode.c.objc; path = DrawingAttributesViewController.m; sourceTree = "<group>"; };
		9C5C7F3E192BDD06002B061D /* DrawingAttributesView.xib */ = {isa = PBXFileReference; fileEncoding = 4; lastKnownFileType = file.xib; path = DrawingAttributesView.xib; sourceTree = "<group>"; };
		9C5C7F3F192BDD06002B061D /* DrawView.h */ = {isa = PBXFileReference; fileEncoding = 4; lastKnownFileType = sourcecode.c.h; path = DrawView.h; sourceTree = "<group>"; };
		9C5C7F40192BDD06002B061D /* DrawView.m */ = {isa = PBXFileReference; fileEncoding = 4; lastKnownFileType = sourcecode.c.objc; path = DrawView.m; sourceTree = "<group>"; };
		9C5C7F45192BDD33002B061D /* DLCPDoubleAxisSlider+Protected.h */ = {isa = PBXFileReference; fileEncoding = 4; lastKnownFileType = sourcecode.c.h; path = "DLCPDoubleAxisSlider+Protected.h"; sourceTree = "<group>"; };
		9C5C7F46192BDD33002B061D /* DLCPDoubleAxisSlider.h */ = {isa = PBXFileReference; fileEncoding = 4; lastKnownFileType = sourcecode.c.h; path = DLCPDoubleAxisSlider.h; sourceTree = "<group>"; };
		9C5C7F47192BDD33002B061D /* DLCPDoubleAxisSlider.m */ = {isa = PBXFileReference; fileEncoding = 4; lastKnownFileType = sourcecode.c.objc; path = DLCPDoubleAxisSlider.m; sourceTree = "<group>"; };
		9C5C7F48192BDD33002B061D /* DLCPSingleAxisSlider+Protected.h */ = {isa = PBXFileReference; fileEncoding = 4; lastKnownFileType = sourcecode.c.h; path = "DLCPSingleAxisSlider+Protected.h"; sourceTree = "<group>"; };
		9C5C7F49192BDD33002B061D /* DLCPSingleAxisSlider.h */ = {isa = PBXFileReference; fileEncoding = 4; lastKnownFileType = sourcecode.c.h; path = DLCPSingleAxisSlider.h; sourceTree = "<group>"; };
		9C5C7F4A192BDD33002B061D /* DLCPSingleAxisSlider.m */ = {isa = PBXFileReference; fileEncoding = 4; lastKnownFileType = sourcecode.c.objc; path = DLCPSingleAxisSlider.m; sourceTree = "<group>"; };
		9C5C7F4B192BDD33002B061D /* DLCPBackgroundLayer.h */ = {isa = PBXFileReference; fileEncoding = 4; lastKnownFileType = sourcecode.c.h; path = DLCPBackgroundLayer.h; sourceTree = "<group>"; };
		9C5C7F4C192BDD33002B061D /* DLCPBackgroundLayer.m */ = {isa = PBXFileReference; fileEncoding = 4; lastKnownFileType = sourcecode.c.objc; path = DLCPBackgroundLayer.m; sourceTree = "<group>"; };
		9C5C7F4D192BDD33002B061D /* DLCPCheckerBoard.h */ = {isa = PBXFileReference; fileEncoding = 4; lastKnownFileType = sourcecode.c.h; path = DLCPCheckerBoard.h; sourceTree = "<group>"; };
		9C5C7F4E192BDD33002B061D /* DLCPCheckerBoard.m */ = {isa = PBXFileReference; fileEncoding = 4; lastKnownFileType = sourcecode.c.objc; path = DLCPCheckerBoard.m; sourceTree = "<group>"; };
		9C5C7F4F192BDD33002B061D /* DLCPIndicatorLayer.h */ = {isa = PBXFileReference; fileEncoding = 4; lastKnownFileType = sourcecode.c.h; path = DLCPIndicatorLayer.h; sourceTree = "<group>"; };
		9C5C7F50192BDD33002B061D /* DLCPIndicatorLayer.m */ = {isa = PBXFileReference; fileEncoding = 4; lastKnownFileType = sourcecode.c.objc; path = DLCPIndicatorLayer.m; sourceTree = "<group>"; };
		9C5C7F51192BDD33002B061D /* UIControl+DLCP.h */ = {isa = PBXFileReference; fileEncoding = 4; lastKnownFileType = sourcecode.c.h; path = "UIControl+DLCP.h"; sourceTree = "<group>"; };
		9C5C7F52192BDD33002B061D /* UIControl+DLCP.m */ = {isa = PBXFileReference; fileEncoding = 4; lastKnownFileType = sourcecode.c.objc; path = "UIControl+DLCP.m"; sourceTree = "<group>"; };
		9C5C7F53192BDD33002B061D /* DLCPColorPickerController+Protected.h */ = {isa = PBXFileReference; fileEncoding = 4; lastKnownFileType = sourcecode.c.h; path = "DLCPColorPickerController+Protected.h"; sourceTree = "<group>"; };
		9C5C7F54192BDD33002B061D /* DLCPColorPickerController.h */ = {isa = PBXFileReference; fileEncoding = 4; lastKnownFileType = sourcecode.c.h; path = DLCPColorPickerController.h; sourceTree = "<group>"; };
		9C5C7F55192BDD33002B061D /* DLCPColorPickerController.m */ = {isa = PBXFileReference; fileEncoding = 4; lastKnownFileType = sourcecode.c.objc; path = DLCPColorPickerController.m; sourceTree = "<group>"; };
		9C5C7F56192BDD33002B061D /* DLCPGradientColorPickerController+Protected.h */ = {isa = PBXFileReference; fileEncoding = 4; lastKnownFileType = sourcecode.c.h; path = "DLCPGradientColorPickerController+Protected.h"; sourceTree = "<group>"; };
		9C5C7F57192BDD33002B061D /* DLCPGradientColorPickerController.h */ = {isa = PBXFileReference; fileEncoding = 4; lastKnownFileType = sourcecode.c.h; path = DLCPGradientColorPickerController.h; sourceTree = "<group>"; };
		9C5C7F58192BDD33002B061D /* DLCPGradientColorPickerController.m */ = {isa = PBXFileReference; fileEncoding = 4; lastKnownFileType = sourcecode.c.objc; path = DLCPGradientColorPickerController.m; sourceTree = "<group>"; };
		9C5C7F59192BDD33002B061D /* DLCPWaterfallColorPickerController+Protected.h */ = {isa = PBXFileReference; fileEncoding = 4; lastKnownFileType = sourcecode.c.h; path = "DLCPWaterfallColorPickerController+Protected.h"; sourceTree = "<group>"; };
		9C5C7F5A192BDD33002B061D /* DLCPWaterfallColorPickerController.h */ = {isa = PBXFileReference; fileEncoding = 4; lastKnownFileType = sourcecode.c.h; path = DLCPWaterfallColorPickerController.h; sourceTree = "<group>"; };
		9C5C7F5B192BDD33002B061D /* DLCPWaterfallColorPickerController.m */ = {isa = PBXFileReference; fileEncoding = 4; lastKnownFileType = sourcecode.c.objc; path = DLCPWaterfallColorPickerController.m; sourceTree = "<group>"; };
		9C5C7F5C192BDD33002B061D /* DLCPAlphaPicker.h */ = {isa = PBXFileReference; fileEncoding = 4; lastKnownFileType = sourcecode.c.h; path = DLCPAlphaPicker.h; sourceTree = "<group>"; };
		9C5C7F5D192BDD33002B061D /* DLCPAlphaPicker.m */ = {isa = PBXFileReference; fileEncoding = 4; lastKnownFileType = sourcecode.c.objc; path = DLCPAlphaPicker.m; sourceTree = "<group>"; };
		9C5C7F5E192BDD33002B061D /* DLCPBrightnessPicker.h */ = {isa = PBXFileReference; fileEncoding = 4; lastKnownFileType = sourcecode.c.h; path = DLCPBrightnessPicker.h; sourceTree = "<group>"; };
		9C5C7F5F192BDD33002B061D /* DLCPBrightnessPicker.m */ = {isa = PBXFileReference; fileEncoding = 4; lastKnownFileType = sourcecode.c.objc; path = DLCPBrightnessPicker.m; sourceTree = "<group>"; };
		9C5C7F60192BDD33002B061D /* DLCPHexPicker.h */ = {isa = PBXFileReference; fileEncoding = 4; lastKnownFileType = sourcecode.c.h; path = DLCPHexPicker.h; sourceTree = "<group>"; };
		9C5C7F61192BDD33002B061D /* DLCPHexPicker.m */ = {isa = PBXFileReference; fileEncoding = 4; lastKnownFileType = sourcecode.c.objc; path = DLCPHexPicker.m; sourceTree = "<group>"; };
		9C5C7F62192BDD33002B061D /* DLCPHuePicker.h */ = {isa = PBXFileReference; fileEncoding = 4; lastKnownFileType = sourcecode.c.h; path = DLCPHuePicker.h; sourceTree = "<group>"; };
		9C5C7F63192BDD33002B061D /* DLCPHuePicker.m */ = {isa = PBXFileReference; fileEncoding = 4; lastKnownFileType = sourcecode.c.objc; path = DLCPHuePicker.m; sourceTree = "<group>"; };
		9C5C7F64192BDD33002B061D /* DLCPHueSaturationPicker.h */ = {isa = PBXFileReference; fileEncoding = 4; lastKnownFileType = sourcecode.c.h; path = DLCPHueSaturationPicker.h; sourceTree = "<group>"; };
		9C5C7F65192BDD33002B061D /* DLCPHueSaturationPicker.m */ = {isa = PBXFileReference; fileEncoding = 4; lastKnownFileType = sourcecode.c.objc; path = DLCPHueSaturationPicker.m; sourceTree = "<group>"; };
		9C5C7F66192BDD33002B061D /* DLCPSaturationBrightnessPicker.h */ = {isa = PBXFileReference; fileEncoding = 4; lastKnownFileType = sourcecode.c.h; path = DLCPSaturationBrightnessPicker.h; sourceTree = "<group>"; };
		9C5C7F67192BDD33002B061D /* DLCPSaturationBrightnessPicker.m */ = {isa = PBXFileReference; fileEncoding = 4; lastKnownFileType = sourcecode.c.objc; path = DLCPSaturationBrightnessPicker.m; sourceTree = "<group>"; };
		9C7178C9192DBE260016BA14 /* PPNewPostCell.h */ = {isa = PBXFileReference; fileEncoding = 4; lastKnownFileType = sourcecode.c.h; path = PPNewPostCell.h; sourceTree = "<group>"; };
		9C7178CA192DBE260016BA14 /* PPNewPostCell.m */ = {isa = PBXFileReference; fileEncoding = 4; lastKnownFileType = sourcecode.c.objc; path = PPNewPostCell.m; sourceTree = "<group>"; };
		9C7178CD192FC6580016BA14 /* PPPeers.h */ = {isa = PBXFileReference; fileEncoding = 4; lastKnownFileType = sourcecode.c.h; path = PPPeers.h; sourceTree = "<group>"; };
		9C7178CE192FC6580016BA14 /* PPPeers.m */ = {isa = PBXFileReference; fileEncoding = 4; lastKnownFileType = sourcecode.c.objc; path = PPPeers.m; sourceTree = "<group>"; };
		9C7178D0192FC6D90016BA14 /* MultipeerConnectivity.framework */ = {isa = PBXFileReference; lastKnownFileType = wrapper.framework; name = MultipeerConnectivity.framework; path = System/Library/Frameworks/MultipeerConnectivity.framework; sourceTree = SDKROOT; };
		C356513D192EF92D00BFC912 /* PPCensusMessage.h */ = {isa = PBXFileReference; fileEncoding = 4; lastKnownFileType = sourcecode.c.h; path = PPCensusMessage.h; sourceTree = "<group>"; };
		C356513E192EF92D00BFC912 /* PPCensusMessage.m */ = {isa = PBXFileReference; fileEncoding = 4; lastKnownFileType = sourcecode.c.objc; path = PPCensusMessage.m; sourceTree = "<group>"; };
		C3565140192EF9B000BFC912 /* PPIdentityMessage.h */ = {isa = PBXFileReference; fileEncoding = 4; lastKnownFileType = sourcecode.c.h; path = PPIdentityMessage.h; sourceTree = "<group>"; };
		C3565141192EF9B000BFC912 /* PPIdentityMessage.m */ = {isa = PBXFileReference; fileEncoding = 4; lastKnownFileType = sourcecode.c.objc; path = PPIdentityMessage.m; sourceTree = "<group>"; };
		C3565143192EFA4A00BFC912 /* PPRequestMessage.h */ = {isa = PBXFileReference; fileEncoding = 4; lastKnownFileType = sourcecode.c.h; path = PPRequestMessage.h; sourceTree = "<group>"; };
		C3565144192EFA4A00BFC912 /* PPRequestMessage.m */ = {isa = PBXFileReference; fileEncoding = 4; lastKnownFileType = sourcecode.c.objc; path = PPRequestMessage.m; sourceTree = "<group>"; };
		C3565146192EFA8600BFC912 /* PPMentionMessage.h */ = {isa = PBXFileReference; fileEncoding = 4; lastKnownFileType = sourcecode.c.h; path = PPMentionMessage.h; sourceTree = "<group>"; };
		C3565147192EFA8600BFC912 /* PPMentionMessage.m */ = {isa = PBXFileReference; fileEncoding = 4; lastKnownFileType = sourcecode.c.objc; path = PPMentionMessage.m; sourceTree = "<group>"; };
		C365B98A192D256E00C47B99 /* PPMessage.h */ = {isa = PBXFileReference; fileEncoding = 4; lastKnownFileType = sourcecode.c.h; path = PPMessage.h; sourceTree = "<group>"; };
		C365B98B192D256E00C47B99 /* PPMessage.m */ = {isa = PBXFileReference; fileEncoding = 4; lastKnownFileType = sourcecode.c.objc; path = PPMessage.m; sourceTree = "<group>"; };
		C365B98D192D27C600C47B99 /* PPPostMessage.h */ = {isa = PBXFileReference; fileEncoding = 4; lastKnownFileType = sourcecode.c.h; path = PPPostMessage.h; sourceTree = "<group>"; };
		C365B98E192D27C600C47B99 /* PPPostMessage.m */ = {isa = PBXFileReference; fileEncoding = 4; lastKnownFileType = sourcecode.c.objc; path = PPPostMessage.m; sourceTree = "<group>"; };
		C3E1FB7A192A7E8000568C88 /* PPMainAppViewController.h */ = {isa = PBXFileReference; fileEncoding = 4; lastKnownFileType = sourcecode.c.h; path = PPMainAppViewController.h; sourceTree = "<group>"; };
		C3E1FB7B192A7E8000568C88 /* PPMainAppViewController.m */ = {isa = PBXFileReference; fileEncoding = 4; lastKnownFileType = sourcecode.c.objc; path = PPMainAppViewController.m; sourceTree = "<group>"; };
		C3E1FB7C192A7E8000568C88 /* PPMainAppView.xib */ = {isa = PBXFileReference; fileEncoding = 4; lastKnownFileType = file.xib; path = PPMainAppView.xib; sourceTree = "<group>"; };
		C3E1FB7F192A84F800568C88 /* PPPostThumbnail.h */ = {isa = PBXFileReference; fileEncoding = 4; lastKnownFileType = sourcecode.c.h; path = PPPostThumbnail.h; sourceTree = "<group>"; };
		C3E1FB80192A84F800568C88 /* PPPostThumbnail.m */ = {isa = PBXFileReference; fileEncoding = 4; lastKnownFileType = sourcecode.c.objc; path = PPPostThumbnail.m; sourceTree = "<group>"; };
/* End PBXFileReference section */

/* Begin PBXFrameworksBuildPhase section */
		9C0674BC192A78A4003E74FB /* Frameworks */ = {
			isa = PBXFrameworksBuildPhase;
			buildActionMask = 2147483647;
			files = (
				9C7178D1192FC6D90016BA14 /* MultipeerConnectivity.framework in Frameworks */,
				9C0674C5192A78A4003E74FB /* CoreGraphics.framework in Frameworks */,
				9C0674C7192A78A4003E74FB /* UIKit.framework in Frameworks */,
				9C0674C3192A78A4003E74FB /* Foundation.framework in Frameworks */,
			);
			runOnlyForDeploymentPostprocessing = 0;
		};
		9C0674D7192A78A4003E74FB /* Frameworks */ = {
			isa = PBXFrameworksBuildPhase;
			buildActionMask = 2147483647;
			files = (
				9C0674DC192A78A4003E74FB /* XCTest.framework in Frameworks */,
				9C0674DE192A78A4003E74FB /* UIKit.framework in Frameworks */,
				9C0674DD192A78A4003E74FB /* Foundation.framework in Frameworks */,
			);
			runOnlyForDeploymentPostprocessing = 0;
		};
/* End PBXFrameworksBuildPhase section */

/* Begin PBXGroup section */
		9C0674B6192A78A4003E74FB = {
			isa = PBXGroup;
			children = (
				9C0674C8192A78A4003E74FB /* Peepsies */,
				9C0674E1192A78A4003E74FB /* PeepsiesTests */,
				9C0674C1192A78A4003E74FB /* Frameworks */,
				9C0674C0192A78A4003E74FB /* Products */,
			);
			sourceTree = "<group>";
		};
		9C0674C0192A78A4003E74FB /* Products */ = {
			isa = PBXGroup;
			children = (
				9C0674BF192A78A4003E74FB /* Peepsies.app */,
				9C0674DA192A78A4003E74FB /* PeepsiesTests.xctest */,
			);
			name = Products;
			sourceTree = "<group>";
		};
		9C0674C1192A78A4003E74FB /* Frameworks */ = {
			isa = PBXGroup;
			children = (
				9C7178D0192FC6D90016BA14 /* MultipeerConnectivity.framework */,
				9C0674C2192A78A4003E74FB /* Foundation.framework */,
				9C0674C4192A78A4003E74FB /* CoreGraphics.framework */,
				9C0674C6192A78A4003E74FB /* UIKit.framework */,
				9C0674DB192A78A4003E74FB /* XCTest.framework */,
			);
			name = Frameworks;
			sourceTree = "<group>";
		};
		9C0674C8192A78A4003E74FB /* Peepsies */ = {
			isa = PBXGroup;
			children = (
				9C0674D1192A78A4003E74FB /* PPAppDelegate.h */,
				9C0674D2192A78A4003E74FB /* PPAppDelegate.m */,
				C3E1FB7A192A7E8000568C88 /* PPMainAppViewController.h */,
				C3E1FB7B192A7E8000568C88 /* PPMainAppViewController.m */,
				C3E1FB7C192A7E8000568C88 /* PPMainAppView.xib */,
				C3E1FB7F192A84F800568C88 /* PPPostThumbnail.h */,
				C3E1FB80192A84F800568C88 /* PPPostThumbnail.m */,
				9C7178C9192DBE260016BA14 /* PPNewPostCell.h */,
				9C7178CA192DBE260016BA14 /* PPNewPostCell.m */,
				9C7178CD192FC6580016BA14 /* PPPeers.h */,
				9C7178CE192FC6580016BA14 /* PPPeers.m */,
				9C5C7F39192BDCEA002B061D /* Drawing Sheet */,
				9C7178CC192FC6220016BA14 /* Message Model */,
				9C0674C9192A78A4003E74FB /* Supporting Files */,
				9C0674C9192A78A4003E74FB /* Supporting Files */,
			);
			path = Peepsies;
			sourceTree = "<group>";
		};
		9C0674C9192A78A4003E74FB /* Supporting Files */ = {
			isa = PBXGroup;
			children = (
				9C0674D4192A78A4003E74FB /* Images.xcassets */,
				9C0674CA192A78A4003E74FB /* Peepsies-Info.plist */,
				9C0674CB192A78A4003E74FB /* InfoPlist.strings */,
				9C0674CE192A78A4003E74FB /* main.m */,
				9C0674D0192A78A4003E74FB /* Peepsies-Prefix.pch */,
			);
			name = "Supporting Files";
			sourceTree = "<group>";
		};
		9C0674E1192A78A4003E74FB /* PeepsiesTests */ = {
			isa = PBXGroup;
			children = (
				9C0674E7192A78A4003E74FB /* PeepsiesTests.m */,
				9C0674E2192A78A4003E74FB /* Supporting Files */,
			);
			path = PeepsiesTests;
			sourceTree = "<group>";
		};
		9C0674E2192A78A4003E74FB /* Supporting Files */ = {
			isa = PBXGroup;
			children = (
				9C0674E3192A78A4003E74FB /* PeepsiesTests-Info.plist */,
				9C0674E4192A78A4003E74FB /* InfoPlist.strings */,
			);
			name = "Supporting Files";
			sourceTree = "<group>";
		};
		9C5C7F39192BDCEA002B061D /* Drawing Sheet */ = {
			isa = PBXGroup;
			children = (
				9C5C7F3A192BDD06002B061D /* DrawingViewController.h */,
				9C5C7F3B192BDD06002B061D /* DrawingViewController.m */,
				9C5C7F3C192BDD06002B061D /* DrawingAttributesViewController.h */,
				9C5C7F3D192BDD06002B061D /* DrawingAttributesViewController.m */,
				9C5C7F3E192BDD06002B061D /* DrawingAttributesView.xib */,
				9C5C7F3F192BDD06002B061D /* DrawView.h */,
				9C5C7F40192BDD06002B061D /* DrawView.m */,
				9C5C7F77192BDD47002B061D /* DLColorPicker */,
			);
			name = "Drawing Sheet";
			sourceTree = "<group>";
		};
		9C5C7F77192BDD47002B061D /* DLColorPicker */ = {
			isa = PBXGroup;
			children = (
				9C5C7F78192BDD5A002B061D /* Abstract */,
				9C5C7F79192BDD6B002B061D /* Appearance */,
				9C5C7F7A192BDD8A002B061D /* Controllers */,
				9C5C7F7B192BDD98002B061D /* Pickers */,
			);
			name = DLColorPicker;
			sourceTree = "<group>";
		};
		9C5C7F78192BDD5A002B061D /* Abstract */ = {
			isa = PBXGroup;
			children = (
				9C5C7F45192BDD33002B061D /* DLCPDoubleAxisSlider+Protected.h */,
				9C5C7F46192BDD33002B061D /* DLCPDoubleAxisSlider.h */,
				9C5C7F47192BDD33002B061D /* DLCPDoubleAxisSlider.m */,
				9C5C7F48192BDD33002B061D /* DLCPSingleAxisSlider+Protected.h */,
				9C5C7F49192BDD33002B061D /* DLCPSingleAxisSlider.h */,
				9C5C7F4A192BDD33002B061D /* DLCPSingleAxisSlider.m */,
			);
			name = Abstract;
			sourceTree = "<group>";
		};
		9C5C7F79192BDD6B002B061D /* Appearance */ = {
			isa = PBXGroup;
			children = (
				9C5C7F4B192BDD33002B061D /* DLCPBackgroundLayer.h */,
				9C5C7F4C192BDD33002B061D /* DLCPBackgroundLayer.m */,
				9C5C7F4D192BDD33002B061D /* DLCPCheckerBoard.h */,
				9C5C7F4E192BDD33002B061D /* DLCPCheckerBoard.m */,
				9C5C7F4F192BDD33002B061D /* DLCPIndicatorLayer.h */,
				9C5C7F50192BDD33002B061D /* DLCPIndicatorLayer.m */,
				9C5C7F51192BDD33002B061D /* UIControl+DLCP.h */,
				9C5C7F52192BDD33002B061D /* UIControl+DLCP.m */,
			);
			name = Appearance;
			sourceTree = "<group>";
		};
		9C5C7F7A192BDD8A002B061D /* Controllers */ = {
			isa = PBXGroup;
			children = (
				9C5C7F53192BDD33002B061D /* DLCPColorPickerController+Protected.h */,
				9C5C7F54192BDD33002B061D /* DLCPColorPickerController.h */,
				9C5C7F55192BDD33002B061D /* DLCPColorPickerController.m */,
				9C5C7F56192BDD33002B061D /* DLCPGradientColorPickerController+Protected.h */,
				9C5C7F57192BDD33002B061D /* DLCPGradientColorPickerController.h */,
				9C5C7F58192BDD33002B061D /* DLCPGradientColorPickerController.m */,
				9C5C7F59192BDD33002B061D /* DLCPWaterfallColorPickerController+Protected.h */,
				9C5C7F5A192BDD33002B061D /* DLCPWaterfallColorPickerController.h */,
				9C5C7F5B192BDD33002B061D /* DLCPWaterfallColorPickerController.m */,
			);
			name = Controllers;
			sourceTree = "<group>";
		};
		9C5C7F7B192BDD98002B061D /* Pickers */ = {
			isa = PBXGroup;
			children = (
				9C5C7F5C192BDD33002B061D /* DLCPAlphaPicker.h */,
				9C5C7F5D192BDD33002B061D /* DLCPAlphaPicker.m */,
				9C5C7F5E192BDD33002B061D /* DLCPBrightnessPicker.h */,
				9C5C7F5F192BDD33002B061D /* DLCPBrightnessPicker.m */,
				9C5C7F60192BDD33002B061D /* DLCPHexPicker.h */,
				9C5C7F61192BDD33002B061D /* DLCPHexPicker.m */,
				9C5C7F62192BDD33002B061D /* DLCPHuePicker.h */,
				9C5C7F63192BDD33002B061D /* DLCPHuePicker.m */,
				9C5C7F64192BDD33002B061D /* DLCPHueSaturationPicker.h */,
				9C5C7F65192BDD33002B061D /* DLCPHueSaturationPicker.m */,
				9C5C7F66192BDD33002B061D /* DLCPSaturationBrightnessPicker.h */,
				9C5C7F67192BDD33002B061D /* DLCPSaturationBrightnessPicker.m */,
			);
			name = Pickers;
			sourceTree = "<group>";
		};
		9C7178CC192FC6220016BA14 /* Message Model */ = {
			isa = PBXGroup;
			children = (
				C365B98A192D256E00C47B99 /* PPMessage.h */,
				C365B98B192D256E00C47B99 /* PPMessage.m */,
				C356513D192EF92D00BFC912 /* PPCensusMessage.h */,
				C356513E192EF92D00BFC912 /* PPCensusMessage.m */,
				C365B98D192D27C600C47B99 /* PPPostMessage.h */,
				C365B98E192D27C600C47B99 /* PPPostMessage.m */,
				C3565140192EF9B000BFC912 /* PPIdentityMessage.h */,
				C3565141192EF9B000BFC912 /* PPIdentityMessage.m */,
				C3565143192EFA4A00BFC912 /* PPRequestMessage.h */,
				C3565144192EFA4A00BFC912 /* PPRequestMessage.m */,
				C3565146192EFA8600BFC912 /* PPMentionMessage.h */,
				C3565147192EFA8600BFC912 /* PPMentionMessage.m */,
			);
			name = "Message Model";
			sourceTree = "<group>";
		};
/* End PBXGroup section */

/* Begin PBXNativeTarget section */
		9C0674BE192A78A4003E74FB /* Peepsies */ = {
			isa = PBXNativeTarget;
			buildConfigurationList = 9C0674EB192A78A4003E74FB /* Build configuration list for PBXNativeTarget "Peepsies" */;
			buildPhases = (
				9C0674BB192A78A4003E74FB /* Sources */,
				9C0674BC192A78A4003E74FB /* Frameworks */,
				9C0674BD192A78A4003E74FB /* Resources */,
			);
			buildRules = (
			);
			dependencies = (
			);
			name = Peepsies;
			productName = Peepsies;
			productReference = 9C0674BF192A78A4003E74FB /* Peepsies.app */;
			productType = "com.apple.product-type.application";
		};
		9C0674D9192A78A4003E74FB /* PeepsiesTests */ = {
			isa = PBXNativeTarget;
			buildConfigurationList = 9C0674EE192A78A4003E74FB /* Build configuration list for PBXNativeTarget "PeepsiesTests" */;
			buildPhases = (
				9C0674D6192A78A4003E74FB /* Sources */,
				9C0674D7192A78A4003E74FB /* Frameworks */,
				9C0674D8192A78A4003E74FB /* Resources */,
			);
			buildRules = (
			);
			dependencies = (
				9C0674E0192A78A4003E74FB /* PBXTargetDependency */,
			);
			name = PeepsiesTests;
			productName = PeepsiesTests;
			productReference = 9C0674DA192A78A4003E74FB /* PeepsiesTests.xctest */;
			productType = "com.apple.product-type.bundle.unit-test";
		};
/* End PBXNativeTarget section */

/* Begin PBXProject section */
		9C0674B7192A78A4003E74FB /* Project object */ = {
			isa = PBXProject;
			attributes = {
				CLASSPREFIX = PP;
				LastUpgradeCheck = 0510;
				ORGANIZATIONNAME = "Peepsies Ltd.";
				TargetAttributes = {
					9C0674D9192A78A4003E74FB = {
						TestTargetID = 9C0674BE192A78A4003E74FB;
					};
				};
			};
			buildConfigurationList = 9C0674BA192A78A4003E74FB /* Build configuration list for PBXProject "Peepsies" */;
			compatibilityVersion = "Xcode 3.2";
			developmentRegion = English;
			hasScannedForEncodings = 0;
			knownRegions = (
				en,
			);
			mainGroup = 9C0674B6192A78A4003E74FB;
			productRefGroup = 9C0674C0192A78A4003E74FB /* Products */;
			projectDirPath = "";
			projectRoot = "";
			targets = (
				9C0674BE192A78A4003E74FB /* Peepsies */,
				9C0674D9192A78A4003E74FB /* PeepsiesTests */,
			);
		};
/* End PBXProject section */

/* Begin PBXResourcesBuildPhase section */
		9C0674BD192A78A4003E74FB /* Resources */ = {
			isa = PBXResourcesBuildPhase;
			buildActionMask = 2147483647;
			files = (
				9C5C7F43192BDD06002B061D /* DrawingAttributesView.xib in Resources */,
				9C0674CD192A78A4003E74FB /* InfoPlist.strings in Resources */,
				C3E1FB7E192A7E8000568C88 /* PPMainAppView.xib in Resources */,
				9C0674D5192A78A4003E74FB /* Images.xcassets in Resources */,
			);
			runOnlyForDeploymentPostprocessing = 0;
		};
		9C0674D8192A78A4003E74FB /* Resources */ = {
			isa = PBXResourcesBuildPhase;
			buildActionMask = 2147483647;
			files = (
				9C0674E6192A78A4003E74FB /* InfoPlist.strings in Resources */,
			);
			runOnlyForDeploymentPostprocessing = 0;
		};
/* End PBXResourcesBuildPhase section */

/* Begin PBXSourcesBuildPhase section */
		9C0674BB192A78A4003E74FB /* Sources */ = {
			isa = PBXSourcesBuildPhase;
			buildActionMask = 2147483647;
			files = (
				9C5C7F6A192BDD33002B061D /* DLCPBackgroundLayer.m in Sources */,
				9C5C7F41192BDD06002B061D /* DrawingViewController.m in Sources */,
				9C5C7F71192BDD33002B061D /* DLCPAlphaPicker.m in Sources */,
				9C7178CB192DBE260016BA14 /* PPNewPostCell.m in Sources */,
				C3565142192EF9B000BFC912 /* PPIdentityMessage.m in Sources */,
				9C5C7F6E192BDD33002B061D /* DLCPColorPickerController.m in Sources */,
				9C5C7F76192BDD33002B061D /* DLCPSaturationBrightnessPicker.m in Sources */,
				9C7178CF192FC6580016BA14 /* PPPeers.m in Sources */,
				C3E1FB7D192A7E8000568C88 /* PPMainAppViewController.m in Sources */,
				9C5C7F42192BDD06002B061D /* DrawingAttributesViewController.m in Sources */,
				9C5C7F70192BDD33002B061D /* DLCPWaterfallColorPickerController.m in Sources */,
				9C5C7F75192BDD33002B061D /* DLCPHueSaturationPicker.m in Sources */,
				C356513F192EF92D00BFC912 /* PPCensusMessage.m in Sources */,
				9C5C7F6B192BDD33002B061D /* DLCPCheckerBoard.m in Sources */,
				9C0674D3192A78A4003E74FB /* PPAppDelegate.m in Sources */,
				9C5C7F6D192BDD33002B061D /* UIControl+DLCP.m in Sources */,
				9C5C7F6F192BDD33002B061D /* DLCPGradientColorPickerController.m in Sources */,
				C365B98F192D27C600C47B99 /* PPPostMessage.m in Sources */,
				9C5C7F73192BDD33002B061D /* DLCPHexPicker.m in Sources */,
				C365B98C192D256E00C47B99 /* PPMessage.m in Sources */,
				C3565145192EFA4A00BFC912 /* PPRequestMessage.m in Sources */,
				9C5C7F44192BDD06002B061D /* DrawView.m in Sources */,
				C3E1FB81192A84F800568C88 /* PPPostThumbnail.m in Sources */,
				9C5C7F6C192BDD33002B061D /* DLCPIndicatorLayer.m in Sources */,
				9C0674CF192A78A4003E74FB /* main.m in Sources */,
				C3565148192EFA8600BFC912 /* PPMentionMessage.m in Sources */,
				9C5C7F72192BDD33002B061D /* DLCPBrightnessPicker.m in Sources */,
				9C5C7F74192BDD33002B061D /* DLCPHuePicker.m in Sources */,
				9C5C7F68192BDD33002B061D /* DLCPDoubleAxisSlider.m in Sources */,
				9C5C7F69192BDD33002B061D /* DLCPSingleAxisSlider.m in Sources */,
			);
			runOnlyForDeploymentPostprocessing = 0;
		};
		9C0674D6192A78A4003E74FB /* Sources */ = {
			isa = PBXSourcesBuildPhase;
			buildActionMask = 2147483647;
			files = (
				9C0674E8192A78A4003E74FB /* PeepsiesTests.m in Sources */,
			);
			runOnlyForDeploymentPostprocessing = 0;
		};
/* End PBXSourcesBuildPhase section */

/* Begin PBXTargetDependency section */
		9C0674E0192A78A4003E74FB /* PBXTargetDependency */ = {
			isa = PBXTargetDependency;
			target = 9C0674BE192A78A4003E74FB /* Peepsies */;
			targetProxy = 9C0674DF192A78A4003E74FB /* PBXContainerItemProxy */;
		};
/* End PBXTargetDependency section */

/* Begin PBXVariantGroup section */
		9C0674CB192A78A4003E74FB /* InfoPlist.strings */ = {
			isa = PBXVariantGroup;
			children = (
				9C0674CC192A78A4003E74FB /* en */,
			);
			name = InfoPlist.strings;
			sourceTree = "<group>";
		};
		9C0674E4192A78A4003E74FB /* InfoPlist.strings */ = {
			isa = PBXVariantGroup;
			children = (
				9C0674E5192A78A4003E74FB /* en */,
			);
			name = InfoPlist.strings;
			sourceTree = "<group>";
		};
/* End PBXVariantGroup section */

/* Begin XCBuildConfiguration section */
		9C0674E9192A78A4003E74FB /* Debug */ = {
			isa = XCBuildConfiguration;
			buildSettings = {
				ALWAYS_SEARCH_USER_PATHS = NO;
				CLANG_CXX_LANGUAGE_STANDARD = "gnu++0x";
				CLANG_CXX_LIBRARY = "libc++";
				CLANG_ENABLE_MODULES = YES;
				CLANG_ENABLE_OBJC_ARC = YES;
				CLANG_WARN_BOOL_CONVERSION = YES;
				CLANG_WARN_CONSTANT_CONVERSION = YES;
				CLANG_WARN_DIRECT_OBJC_ISA_USAGE = YES_ERROR;
				CLANG_WARN_EMPTY_BODY = YES;
				CLANG_WARN_ENUM_CONVERSION = YES;
				CLANG_WARN_INT_CONVERSION = YES;
				CLANG_WARN_OBJC_ROOT_CLASS = YES_ERROR;
				CLANG_WARN__DUPLICATE_METHOD_MATCH = YES;
				"CODE_SIGN_IDENTITY[sdk=iphoneos*]" = "iPhone Developer";
				COPY_PHASE_STRIP = NO;
				GCC_C_LANGUAGE_STANDARD = gnu99;
				GCC_DYNAMIC_NO_PIC = NO;
				GCC_OPTIMIZATION_LEVEL = 0;
				GCC_PREPROCESSOR_DEFINITIONS = (
					"DEBUG=1",
					"$(inherited)",
				);
				GCC_SYMBOLS_PRIVATE_EXTERN = NO;
				GCC_WARN_64_TO_32_BIT_CONVERSION = YES;
				GCC_WARN_ABOUT_RETURN_TYPE = YES_ERROR;
				GCC_WARN_UNDECLARED_SELECTOR = YES;
				GCC_WARN_UNINITIALIZED_AUTOS = YES_AGGRESSIVE;
				GCC_WARN_UNUSED_FUNCTION = YES;
				GCC_WARN_UNUSED_VARIABLE = YES;
				IPHONEOS_DEPLOYMENT_TARGET = 7.1;
				ONLY_ACTIVE_ARCH = YES;
				SDKROOT = iphoneos;
			};
			name = Debug;
		};
		9C0674EA192A78A4003E74FB /* Release */ = {
			isa = XCBuildConfiguration;
			buildSettings = {
				ALWAYS_SEARCH_USER_PATHS = NO;
				CLANG_CXX_LANGUAGE_STANDARD = "gnu++0x";
				CLANG_CXX_LIBRARY = "libc++";
				CLANG_ENABLE_MODULES = YES;
				CLANG_ENABLE_OBJC_ARC = YES;
				CLANG_WARN_BOOL_CONVERSION = YES;
				CLANG_WARN_CONSTANT_CONVERSION = YES;
				CLANG_WARN_DIRECT_OBJC_ISA_USAGE = YES_ERROR;
				CLANG_WARN_EMPTY_BODY = YES;
				CLANG_WARN_ENUM_CONVERSION = YES;
				CLANG_WARN_INT_CONVERSION = YES;
				CLANG_WARN_OBJC_ROOT_CLASS = YES_ERROR;
				CLANG_WARN__DUPLICATE_METHOD_MATCH = YES;
				"CODE_SIGN_IDENTITY[sdk=iphoneos*]" = "iPhone Developer";
				COPY_PHASE_STRIP = YES;
				ENABLE_NS_ASSERTIONS = NO;
				GCC_C_LANGUAGE_STANDARD = gnu99;
				GCC_WARN_64_TO_32_BIT_CONVERSION = YES;
				GCC_WARN_ABOUT_RETURN_TYPE = YES_ERROR;
				GCC_WARN_UNDECLARED_SELECTOR = YES;
				GCC_WARN_UNINITIALIZED_AUTOS = YES_AGGRESSIVE;
				GCC_WARN_UNUSED_FUNCTION = YES;
				GCC_WARN_UNUSED_VARIABLE = YES;
				IPHONEOS_DEPLOYMENT_TARGET = 7.1;
				SDKROOT = iphoneos;
				VALIDATE_PRODUCT = YES;
			};
			name = Release;
		};
		9C0674EC192A78A4003E74FB /* Debug */ = {
			isa = XCBuildConfiguration;
			buildSettings = {
				ASSETCATALOG_COMPILER_APPICON_NAME = AppIcon;
				ASSETCATALOG_COMPILER_LAUNCHIMAGE_NAME = LaunchImage;
				GCC_PRECOMPILE_PREFIX_HEADER = YES;
				GCC_PREFIX_HEADER = "Peepsies/Peepsies-Prefix.pch";
				INFOPLIST_FILE = "Peepsies/Peepsies-Info.plist";
				IPHONEOS_DEPLOYMENT_TARGET = 7;
				PRODUCT_NAME = "$(TARGET_NAME)";
				WRAPPER_EXTENSION = app;
			};
			name = Debug;
		};
		9C0674ED192A78A4003E74FB /* Release */ = {
			isa = XCBuildConfiguration;
			buildSettings = {
				ASSETCATALOG_COMPILER_APPICON_NAME = AppIcon;
				ASSETCATALOG_COMPILER_LAUNCHIMAGE_NAME = LaunchImage;
				GCC_PRECOMPILE_PREFIX_HEADER = YES;
				GCC_PREFIX_HEADER = "Peepsies/Peepsies-Prefix.pch";
				INFOPLIST_FILE = "Peepsies/Peepsies-Info.plist";
				IPHONEOS_DEPLOYMENT_TARGET = 7;
				PRODUCT_NAME = "$(TARGET_NAME)";
				WRAPPER_EXTENSION = app;
			};
			name = Release;
		};
		9C0674EF192A78A4003E74FB /* Debug */ = {
			isa = XCBuildConfiguration;
			buildSettings = {
				BUNDLE_LOADER = "$(BUILT_PRODUCTS_DIR)/Peepsies.app/Peepsies";
				FRAMEWORK_SEARCH_PATHS = (
					"$(SDKROOT)/Developer/Library/Frameworks",
					"$(inherited)",
					"$(DEVELOPER_FRAMEWORKS_DIR)",
				);
				GCC_PRECOMPILE_PREFIX_HEADER = YES;
				GCC_PREFIX_HEADER = "Peepsies/Peepsies-Prefix.pch";
				GCC_PREPROCESSOR_DEFINITIONS = (
					"DEBUG=1",
					"$(inherited)",
				);
				INFOPLIST_FILE = "PeepsiesTests/PeepsiesTests-Info.plist";
				PRODUCT_NAME = "$(TARGET_NAME)";
				TEST_HOST = "$(BUNDLE_LOADER)";
				WRAPPER_EXTENSION = xctest;
			};
			name = Debug;
		};
		9C0674F0192A78A4003E74FB /* Release */ = {
			isa = XCBuildConfiguration;
			buildSettings = {
				BUNDLE_LOADER = "$(BUILT_PRODUCTS_DIR)/Peepsies.app/Peepsies";
				FRAMEWORK_SEARCH_PATHS = (
					"$(SDKROOT)/Developer/Library/Frameworks",
					"$(inherited)",
					"$(DEVELOPER_FRAMEWORKS_DIR)",
				);
				GCC_PRECOMPILE_PREFIX_HEADER = YES;
				GCC_PREFIX_HEADER = "Peepsies/Peepsies-Prefix.pch";
				INFOPLIST_FILE = "PeepsiesTests/PeepsiesTests-Info.plist";
				PRODUCT_NAME = "$(TARGET_NAME)";
				TEST_HOST = "$(BUNDLE_LOADER)";
				WRAPPER_EXTENSION = xctest;
			};
			name = Release;
		};
/* End XCBuildConfiguration section */

/* Begin XCConfigurationList section */
		9C0674BA192A78A4003E74FB /* Build configuration list for PBXProject "Peepsies" */ = {
			isa = XCConfigurationList;
			buildConfigurations = (
				9C0674E9192A78A4003E74FB /* Debug */,
				9C0674EA192A78A4003E74FB /* Release */,
			);
			defaultConfigurationIsVisible = 0;
			defaultConfigurationName = Release;
		};
		9C0674EB192A78A4003E74FB /* Build configuration list for PBXNativeTarget "Peepsies" */ = {
			isa = XCConfigurationList;
			buildConfigurations = (
				9C0674EC192A78A4003E74FB /* Debug */,
				9C0674ED192A78A4003E74FB /* Release */,
			);
			defaultConfigurationIsVisible = 0;
			defaultConfigurationName = Release;
		};
		9C0674EE192A78A4003E74FB /* Build configuration list for PBXNativeTarget "PeepsiesTests" */ = {
			isa = XCConfigurationList;
			buildConfigurations = (
				9C0674EF192A78A4003E74FB /* Debug */,
				9C0674F0192A78A4003E74FB /* Release */,
			);
			defaultConfigurationIsVisible = 0;
			defaultConfigurationName = Release;
		};
/* End XCConfigurationList section */
	};
	rootObject = 9C0674B7192A78A4003E74FB /* Project object */;
}
