// !$*UTF8*$!
{
	archiveVersion = 1;
	classes = {
	};
	objectVersion = 46;
	objects = {

/* Begin PBXBuildFile section */
		9C0674C3192A78A4003E74FB /* Foundation.framework in Frameworks */ = {isa = PBXBuildFile; fileRef = 9C0674C2192A78A4003E74FB /* Foundation.framework */; };
		9C0674C5192A78A4003E74FB /* CoreGraphics.framework in Frameworks */ = {isa = PBXBuildFile; fileRef = 9C0674C4192A78A4003E74FB /* CoreGraphics.framework */; };
		9C0674C7192A78A4003E74FB /* UIKit.framework in Frameworks */ = {isa = PBXBuildFile; fileRef = 9C0674C6192A78A4003E74FB /* UIKit.framework */; };
		9C0674CD192A78A4003E74FB /* InfoPlist.strings in Resources */ = {isa = PBXBuildFile; fileRef = 9C0674CB192A78A4003E74FB /* InfoPlist.strings */; };
		9C0674CF192A78A4003E74FB /* main.m in Sources */ = {isa = PBXBuildFile; fileRef = 9C0674CE192A78A4003E74FB /* main.m */; };
		9C0674D3192A78A4003E74FB /* PPAppDelegate.m in Sources */ = {isa = PBXBuildFile; fileRef = 9C0674D2192A78A4003E74FB /* PPAppDelegate.m */; };
		9C0674D5192A78A4003E74FB /* Images.xcassets in Resources */ = {isa = PBXBuildFile; fileRef = 9C0674D4192A78A4003E74FB /* Images.xcassets */; };
		9C0674DC192A78A4003E74FB /* XCTest.framework in Frameworks */ = {isa = PBXBuildFile; fileRef = 9C0674DB192A78A4003E74FB /* XCTest.framework */; };
		9C0674DD192A78A4003E74FB /* Foundation.framework in Frameworks */ = {isa = PBXBuildFile; fileRef = 9C0674C2192A78A4003E74FB /* Foundation.framework */; };
		9C0674DE192A78A4003E74FB /* UIKit.framework in Frameworks */ = {isa = PBXBuildFile; fileRef = 9C0674C6192A78A4003E74FB /* UIKit.framework */; };
		9C0674E6192A78A4003E74FB /* InfoPlist.strings in Resources */ = {isa = PBXBuildFile; fileRef = 9C0674E4192A78A4003E74FB /* InfoPlist.strings */; };
		9C0674E8192A78A4003E74FB /* PeepsiesTests.m in Sources */ = {isa = PBXBuildFile; fileRef = 9C0674E7192A78A4003E74FB /* PeepsiesTests.m */; };
		C3E1FB7D192A7E8000568C88 /* PPMainAppViewController.m in Sources */ = {isa = PBXBuildFile; fileRef = C3E1FB7B192A7E8000568C88 /* PPMainAppViewController.m */; };
		C3E1FB7E192A7E8000568C88 /* PPMainAppView.xib in Resources */ = {isa = PBXBuildFile; fileRef = C3E1FB7C192A7E8000568C88 /* PPMainAppView.xib */; };
		C3E1FB81192A84F800568C88 /* PPPostThumbnail.m in Sources */ = {isa = PBXBuildFile; fileRef = C3E1FB80192A84F800568C88 /* PPPostThumbnail.m */; };
/* End PBXBuildFile section */

/* Begin PBXContainerItemProxy section */
		9C0674DF192A78A4003E74FB /* PBXContainerItemProxy */ = {
			isa = PBXContainerItemProxy;
			containerPortal = 9C0674B7192A78A4003E74FB /* Project object */;
			proxyType = 1;
			remoteGlobalIDString = 9C0674BE192A78A4003E74FB;
			remoteInfo = Peepsies;
		};
/* End PBXContainerItemProxy section */

/* Begin PBXFileReference section */
		9C0674BF192A78A4003E74FB /* Peepsies.app */ = {isa = PBXFileReference; explicitFileType = wrapper.application; includeInIndex = 0; path = Peepsies.app; sourceTree = BUILT_PRODUCTS_DIR; };
		9C0674C2192A78A4003E74FB /* Foundation.framework */ = {isa = PBXFileReference; lastKnownFileType = wrapper.framework; name = Foundation.framework; path = System/Library/Frameworks/Foundation.framework; sourceTree = SDKROOT; };
		9C0674C4192A78A4003E74FB /* CoreGraphics.framework */ = {isa = PBXFileReference; lastKnownFileType = wrapper.framework; name = CoreGraphics.framework; path = System/Library/Frameworks/CoreGraphics.framework; sourceTree = SDKROOT; };
		9C0674C6192A78A4003E74FB /* UIKit.framework */ = {isa = PBXFileReference; lastKnownFileType = wrapper.framework; name = UIKit.framework; path = System/Library/Frameworks/UIKit.framework; sourceTree = SDKROOT; };
		9C0674CA192A78A4003E74FB /* Peepsies-Info.plist */ = {isa = PBXFileReference; lastKnownFileType = text.plist.xml; path = "Peepsies-Info.plist"; sourceTree = "<group>"; };
		9C0674CC192A78A4003E74FB /* en */ = {isa = PBXFileReference; lastKnownFileType = text.plist.strings; name = en; path = en.lproj/InfoPlist.strings; sourceTree = "<group>"; };
		9C0674CE192A78A4003E74FB /* main.m */ = {isa = PBXFileReference; lastKnownFileType = sourcecode.c.objc; path = main.m; sourceTree = "<group>"; };
		9C0674D0192A78A4003E74FB /* Peepsies-Prefix.pch */ = {isa = PBXFileReference; lastKnownFileType = sourcecode.c.h; path = "Peepsies-Prefix.pch"; sourceTree = "<group>"; };
		9C0674D1192A78A4003E74FB /* PPAppDelegate.h */ = {isa = PBXFileReference; lastKnownFileType = sourcecode.c.h; path = PPAppDelegate.h; sourceTree = "<group>"; };
		9C0674D2192A78A4003E74FB /* PPAppDelegate.m */ = {isa = PBXFileReference; lastKnownFileType = sourcecode.c.objc; path = PPAppDelegate.m; sourceTree = "<group>"; };
		9C0674D4192A78A4003E74FB /* Images.xcassets */ = {isa = PBXFileReference; lastKnownFileType = folder.assetcatalog; path = Images.xcassets; sourceTree = "<group>"; };
		9C0674DA192A78A4003E74FB /* PeepsiesTests.xctest */ = {isa = PBXFileReference; explicitFileType = wrapper.cfbundle; includeInIndex = 0; path = PeepsiesTests.xctest; sourceTree = BUILT_PRODUCTS_DIR; };
		9C0674DB192A78A4003E74FB /* XCTest.framework */ = {isa = PBXFileReference; lastKnownFileType = wrapper.framework; name = XCTest.framework; path = Library/Frameworks/XCTest.framework; sourceTree = DEVELOPER_DIR; };
		9C0674E3192A78A4003E74FB /* PeepsiesTests-Info.plist */ = {isa = PBXFileReference; lastKnownFileType = text.plist.xml; path = "PeepsiesTests-Info.plist"; sourceTree = "<group>"; };
		9C0674E5192A78A4003E74FB /* en */ = {isa = PBXFileReference; lastKnownFileType = text.plist.strings; name = en; path = en.lproj/InfoPlist.strings; sourceTree = "<group>"; };
		9C0674E7192A78A4003E74FB /* PeepsiesTests.m */ = {isa = PBXFileReference; lastKnownFileType = sourcecode.c.objc; path = PeepsiesTests.m; sourceTree = "<group>"; };
		C3E1FB7A192A7E8000568C88 /* PPMainAppViewController.h */ = {isa = PBXFileReference; fileEncoding = 4; lastKnownFileType = sourcecode.c.h; path = PPMainAppViewController.h; sourceTree = "<group>"; };
		C3E1FB7B192A7E8000568C88 /* PPMainAppViewController.m */ = {isa = PBXFileReference; fileEncoding = 4; lastKnownFileType = sourcecode.c.objc; path = PPMainAppViewController.m; sourceTree = "<group>"; };
		C3E1FB7C192A7E8000568C88 /* PPMainAppView.xib */ = {isa = PBXFileReference; fileEncoding = 4; lastKnownFileType = file.xib; path = PPMainAppView.xib; sourceTree = "<group>"; };
		C3E1FB7F192A84F800568C88 /* PPPostThumbnail.h */ = {isa = PBXFileReference; fileEncoding = 4; lastKnownFileType = sourcecode.c.h; path = PPPostThumbnail.h; sourceTree = "<group>"; };
		C3E1FB80192A84F800568C88 /* PPPostThumbnail.m */ = {isa = PBXFileReference; fileEncoding = 4; lastKnownFileType = sourcecode.c.objc; path = PPPostThumbnail.m; sourceTree = "<group>"; };
/* End PBXFileReference section */

/* Begin PBXFrameworksBuildPhase section */
		9C0674BC192A78A4003E74FB /* Frameworks */ = {
			isa = PBXFrameworksBuildPhase;
			buildActionMask = 2147483647;
			files = (
				9C0674C5192A78A4003E74FB /* CoreGraphics.framework in Frameworks */,
				9C0674C7192A78A4003E74FB /* UIKit.framework in Frameworks */,
				9C0674C3192A78A4003E74FB /* Foundation.framework in Frameworks */,
			);
			runOnlyForDeploymentPostprocessing = 0;
		};
		9C0674D7192A78A4003E74FB /* Frameworks */ = {
			isa = PBXFrameworksBuildPhase;
			buildActionMask = 2147483647;
			files = (
				9C0674DC192A78A4003E74FB /* XCTest.framework in Frameworks */,
				9C0674DE192A78A4003E74FB /* UIKit.framework in Frameworks */,
				9C0674DD192A78A4003E74FB /* Foundation.framework in Frameworks */,
			);
			runOnlyForDeploymentPostprocessing = 0;
		};
/* End PBXFrameworksBuildPhase section */

/* Begin PBXGroup section */
		9C0674B6192A78A4003E74FB = {
			isa = PBXGroup;
			children = (
				9C0674C8192A78A4003E74FB /* Peepsies */,
				9C0674E1192A78A4003E74FB /* PeepsiesTests */,
				9C0674C1192A78A4003E74FB /* Frameworks */,
				9C0674C0192A78A4003E74FB /* Products */,
			);
			sourceTree = "<group>";
		};
		9C0674C0192A78A4003E74FB /* Products */ = {
			isa = PBXGroup;
			children = (
				9C0674BF192A78A4003E74FB /* Peepsies.app */,
				9C0674DA192A78A4003E74FB /* PeepsiesTests.xctest */,
			);
			name = Products;
			sourceTree = "<group>";
		};
		9C0674C1192A78A4003E74FB /* Frameworks */ = {
			isa = PBXGroup;
			children = (
				9C0674C2192A78A4003E74FB /* Foundation.framework */,
				9C0674C4192A78A4003E74FB /* CoreGraphics.framework */,
				9C0674C6192A78A4003E74FB /* UIKit.framework */,
				9C0674DB192A78A4003E74FB /* XCTest.framework */,
			);
			name = Frameworks;
			sourceTree = "<group>";
		};
		9C0674C8192A78A4003E74FB /* Peepsies */ = {
			isa = PBXGroup;
			children = (
				9C0674D1192A78A4003E74FB /* PPAppDelegate.h */,
				9C0674D2192A78A4003E74FB /* PPAppDelegate.m */,
				9C0674D4192A78A4003E74FB /* Images.xcassets */,
				9C0674C9192A78A4003E74FB /* Supporting Files */,
				C3E1FB7A192A7E8000568C88 /* PPMainAppViewController.h */,
				C3E1FB7B192A7E8000568C88 /* PPMainAppViewController.m */,
				C3E1FB7C192A7E8000568C88 /* PPMainAppView.xib */,
				C3E1FB7F192A84F800568C88 /* PPPostThumbnail.h */,
				C3E1FB80192A84F800568C88 /* PPPostThumbnail.m */,
			);
			path = Peepsies;
			sourceTree = "<group>";
		};
		9C0674C9192A78A4003E74FB /* Supporting Files */ = {
			isa = PBXGroup;
			children = (
				9C0674CA192A78A4003E74FB /* Peepsies-Info.plist */,
				9C0674CB192A78A4003E74FB /* InfoPlist.strings */,
				9C0674CE192A78A4003E74FB /* main.m */,
				9C0674D0192A78A4003E74FB /* Peepsies-Prefix.pch */,
			);
			name = "Supporting Files";
			sourceTree = "<group>";
		};
		9C0674E1192A78A4003E74FB /* PeepsiesTests */ = {
			isa = PBXGroup;
			children = (
				9C0674E7192A78A4003E74FB /* PeepsiesTests.m */,
				9C0674E2192A78A4003E74FB /* Supporting Files */,
			);
			path = PeepsiesTests;
			sourceTree = "<group>";
		};
		9C0674E2192A78A4003E74FB /* Supporting Files */ = {
			isa = PBXGroup;
			children = (
				9C0674E3192A78A4003E74FB /* PeepsiesTests-Info.plist */,
				9C0674E4192A78A4003E74FB /* InfoPlist.strings */,
			);
			name = "Supporting Files";
			sourceTree = "<group>";
		};
/* End PBXGroup section */

/* Begin PBXNativeTarget section */
		9C0674BE192A78A4003E74FB /* Peepsies */ = {
			isa = PBXNativeTarget;
			buildConfigurationList = 9C0674EB192A78A4003E74FB /* Build configuration list for PBXNativeTarget "Peepsies" */;
			buildPhases = (
				9C0674BB192A78A4003E74FB /* Sources */,
				9C0674BC192A78A4003E74FB /* Frameworks */,
				9C0674BD192A78A4003E74FB /* Resources */,
			);
			buildRules = (
			);
			dependencies = (
			);
			name = Peepsies;
			productName = Peepsies;
			productReference = 9C0674BF192A78A4003E74FB /* Peepsies.app */;
			productType = "com.apple.product-type.application";
		};
		9C0674D9192A78A4003E74FB /* PeepsiesTests */ = {
			isa = PBXNativeTarget;
			buildConfigurationList = 9C0674EE192A78A4003E74FB /* Build configuration list for PBXNativeTarget "PeepsiesTests" */;
			buildPhases = (
				9C0674D6192A78A4003E74FB /* Sources */,
				9C0674D7192A78A4003E74FB /* Frameworks */,
				9C0674D8192A78A4003E74FB /* Resources */,
			);
			buildRules = (
			);
			dependencies = (
				9C0674E0192A78A4003E74FB /* PBXTargetDependency */,
			);
			name = PeepsiesTests;
			productName = PeepsiesTests;
			productReference = 9C0674DA192A78A4003E74FB /* PeepsiesTests.xctest */;
			productType = "com.apple.product-type.bundle.unit-test";
		};
/* End PBXNativeTarget section */

/* Begin PBXProject section */
		9C0674B7192A78A4003E74FB /* Project object */ = {
			isa = PBXProject;
			attributes = {
				CLASSPREFIX = PP;
				LastUpgradeCheck = 0510;
				ORGANIZATIONNAME = "Peepsies Ltd.";
				TargetAttributes = {
					9C0674D9192A78A4003E74FB = {
						TestTargetID = 9C0674BE192A78A4003E74FB;
					};
				};
			};
			buildConfigurationList = 9C0674BA192A78A4003E74FB /* Build configuration list for PBXProject "Peepsies" */;
			compatibilityVersion = "Xcode 3.2";
			developmentRegion = English;
			hasScannedForEncodings = 0;
			knownRegions = (
				en,
			);
			mainGroup = 9C0674B6192A78A4003E74FB;
			productRefGroup = 9C0674C0192A78A4003E74FB /* Products */;
			projectDirPath = "";
			projectRoot = "";
			targets = (
				9C0674BE192A78A4003E74FB /* Peepsies */,
				9C0674D9192A78A4003E74FB /* PeepsiesTests */,
			);
		};
/* End PBXProject section */

/* Begin PBXResourcesBuildPhase section */
		9C0674BD192A78A4003E74FB /* Resources */ = {
			isa = PBXResourcesBuildPhase;
			buildActionMask = 2147483647;
			files = (
				9C0674CD192A78A4003E74FB /* InfoPlist.strings in Resources */,
				C3E1FB7E192A7E8000568C88 /* PPMainAppView.xib in Resources */,
				9C0674D5192A78A4003E74FB /* Images.xcassets in Resources */,
			);
			runOnlyForDeploymentPostprocessing = 0;
		};
		9C0674D8192A78A4003E74FB /* Resources */ = {
			isa = PBXResourcesBuildPhase;
			buildActionMask = 2147483647;
			files = (
				9C0674E6192A78A4003E74FB /* InfoPlist.strings in Resources */,
			);
			runOnlyForDeploymentPostprocessing = 0;
		};
/* End PBXResourcesBuildPhase section */

/* Begin PBXSourcesBuildPhase section */
		9C0674BB192A78A4003E74FB /* Sources */ = {
			isa = PBXSourcesBuildPhase;
			buildActionMask = 2147483647;
			files = (
				C3E1FB7D192A7E8000568C88 /* PPMainAppViewController.m in Sources */,
				9C0674D3192A78A4003E74FB /* PPAppDelegate.m in Sources */,
				C3E1FB81192A84F800568C88 /* PPPostThumbnail.m in Sources */,
				9C0674CF192A78A4003E74FB /* main.m in Sources */,
			);
			runOnlyForDeploymentPostprocessing = 0;
		};
		9C0674D6192A78A4003E74FB /* Sources */ = {
			isa = PBXSourcesBuildPhase;
			buildActionMask = 2147483647;
			files = (
				9C0674E8192A78A4003E74FB /* PeepsiesTests.m in Sources */,
			);
			runOnlyForDeploymentPostprocessing = 0;
		};
/* End PBXSourcesBuildPhase section */

/* Begin PBXTargetDependency section */
		9C0674E0192A78A4003E74FB /* PBXTargetDependency */ = {
			isa = PBXTargetDependency;
			target = 9C0674BE192A78A4003E74FB /* Peepsies */;
			targetProxy = 9C0674DF192A78A4003E74FB /* PBXContainerItemProxy */;
		};
/* End PBXTargetDependency section */

/* Begin PBXVariantGroup section */
		9C0674CB192A78A4003E74FB /* InfoPlist.strings */ = {
			isa = PBXVariantGroup;
			children = (
				9C0674CC192A78A4003E74FB /* en */,
			);
			name = InfoPlist.strings;
			sourceTree = "<group>";
		};
		9C0674E4192A78A4003E74FB /* InfoPlist.strings */ = {
			isa = PBXVariantGroup;
			children = (
				9C0674E5192A78A4003E74FB /* en */,
			);
			name = InfoPlist.strings;
			sourceTree = "<group>";
		};
/* End PBXVariantGroup section */

/* Begin XCBuildConfiguration section */
		9C0674E9192A78A4003E74FB /* Debug */ = {
			isa = XCBuildConfiguration;
			buildSettings = {
				ALWAYS_SEARCH_USER_PATHS = NO;
				CLANG_CXX_LANGUAGE_STANDARD = "gnu++0x";
				CLANG_CXX_LIBRARY = "libc++";
				CLANG_ENABLE_MODULES = YES;
				CLANG_ENABLE_OBJC_ARC = YES;
				CLANG_WARN_BOOL_CONVERSION = YES;
				CLANG_WARN_CONSTANT_CONVERSION = YES;
				CLANG_WARN_DIRECT_OBJC_ISA_USAGE = YES_ERROR;
				CLANG_WARN_EMPTY_BODY = YES;
				CLANG_WARN_ENUM_CONVERSION = YES;
				CLANG_WARN_INT_CONVERSION = YES;
				CLANG_WARN_OBJC_ROOT_CLASS = YES_ERROR;
				CLANG_WARN__DUPLICATE_METHOD_MATCH = YES;
				"CODE_SIGN_IDENTITY[sdk=iphoneos*]" = "iPhone Developer";
				COPY_PHASE_STRIP = NO;
				GCC_C_LANGUAGE_STANDARD = gnu99;
				GCC_DYNAMIC_NO_PIC = NO;
				GCC_OPTIMIZATION_LEVEL = 0;
				GCC_PREPROCESSOR_DEFINITIONS = (
					"DEBUG=1",
					"$(inherited)",
				);
				GCC_SYMBOLS_PRIVATE_EXTERN = NO;
				GCC_WARN_64_TO_32_BIT_CONVERSION = YES;
				GCC_WARN_ABOUT_RETURN_TYPE = YES_ERROR;
				GCC_WARN_UNDECLARED_SELECTOR = YES;
				GCC_WARN_UNINITIALIZED_AUTOS = YES_AGGRESSIVE;
				GCC_WARN_UNUSED_FUNCTION = YES;
				GCC_WARN_UNUSED_VARIABLE = YES;
				IPHONEOS_DEPLOYMENT_TARGET = 7.1;
				ONLY_ACTIVE_ARCH = YES;
				SDKROOT = iphoneos;
			};
			name = Debug;
		};
		9C0674EA192A78A4003E74FB /* Release */ = {
			isa = XCBuildConfiguration;
			buildSettings = {
				ALWAYS_SEARCH_USER_PATHS = NO;
				CLANG_CXX_LANGUAGE_STANDARD = "gnu++0x";
				CLANG_CXX_LIBRARY = "libc++";
				CLANG_ENABLE_MODULES = YES;
				CLANG_ENABLE_OBJC_ARC = YES;
				CLANG_WARN_BOOL_CONVERSION = YES;
				CLANG_WARN_CONSTANT_CONVERSION = YES;
				CLANG_WARN_DIRECT_OBJC_ISA_USAGE = YES_ERROR;
				CLANG_WARN_EMPTY_BODY = YES;
				CLANG_WARN_ENUM_CONVERSION = YES;
				CLANG_WARN_INT_CONVERSION = YES;
				CLANG_WARN_OBJC_ROOT_CLASS = YES_ERROR;
				CLANG_WARN__DUPLICATE_METHOD_MATCH = YES;
				"CODE_SIGN_IDENTITY[sdk=iphoneos*]" = "iPhone Developer";
				COPY_PHASE_STRIP = YES;
				ENABLE_NS_ASSERTIONS = NO;
				GCC_C_LANGUAGE_STANDARD = gnu99;
				GCC_WARN_64_TO_32_BIT_CONVERSION = YES;
				GCC_WARN_ABOUT_RETURN_TYPE = YES_ERROR;
				GCC_WARN_UNDECLARED_SELECTOR = YES;
				GCC_WARN_UNINITIALIZED_AUTOS = YES_AGGRESSIVE;
				GCC_WARN_UNUSED_FUNCTION = YES;
				GCC_WARN_UNUSED_VARIABLE = YES;
				IPHONEOS_DEPLOYMENT_TARGET = 7.1;
				SDKROOT = iphoneos;
				VALIDATE_PRODUCT = YES;
			};
			name = Release;
		};
		9C0674EC192A78A4003E74FB /* Debug */ = {
			isa = XCBuildConfiguration;
			buildSettings = {
				ASSETCATALOG_COMPILER_APPICON_NAME = AppIcon;
				ASSETCATALOG_COMPILER_LAUNCHIMAGE_NAME = LaunchImage;
				GCC_PRECOMPILE_PREFIX_HEADER = YES;
				GCC_PREFIX_HEADER = "Peepsies/Peepsies-Prefix.pch";
				INFOPLIST_FILE = "Peepsies/Peepsies-Info.plist";
				IPHONEOS_DEPLOYMENT_TARGET = 7;
				PRODUCT_NAME = "$(TARGET_NAME)";
				WRAPPER_EXTENSION = app;
			};
			name = Debug;
		};
		9C0674ED192A78A4003E74FB /* Release */ = {
			isa = XCBuildConfiguration;
			buildSettings = {
				ASSETCATALOG_COMPILER_APPICON_NAME = AppIcon;
				ASSETCATALOG_COMPILER_LAUNCHIMAGE_NAME = LaunchImage;
				GCC_PRECOMPILE_PREFIX_HEADER = YES;
				GCC_PREFIX_HEADER = "Peepsies/Peepsies-Prefix.pch";
				INFOPLIST_FILE = "Peepsies/Peepsies-Info.plist";
				IPHONEOS_DEPLOYMENT_TARGET = 7;
				PRODUCT_NAME = "$(TARGET_NAME)";
				WRAPPER_EXTENSION = app;
			};
			name = Release;
		};
		9C0674EF192A78A4003E74FB /* Debug */ = {
			isa = XCBuildConfiguration;
			buildSettings = {
				BUNDLE_LOADER = "$(BUILT_PRODUCTS_DIR)/Peepsies.app/Peepsies";
				FRAMEWORK_SEARCH_PATHS = (
					"$(SDKROOT)/Developer/Library/Frameworks",
					"$(inherited)",
					"$(DEVELOPER_FRAMEWORKS_DIR)",
				);
				GCC_PRECOMPILE_PREFIX_HEADER = YES;
				GCC_PREFIX_HEADER = "Peepsies/Peepsies-Prefix.pch";
				GCC_PREPROCESSOR_DEFINITIONS = (
					"DEBUG=1",
					"$(inherited)",
				);
				INFOPLIST_FILE = "PeepsiesTests/PeepsiesTests-Info.plist";
				PRODUCT_NAME = "$(TARGET_NAME)";
				TEST_HOST = "$(BUNDLE_LOADER)";
				WRAPPER_EXTENSION = xctest;
			};
			name = Debug;
		};
		9C0674F0192A78A4003E74FB /* Release */ = {
			isa = XCBuildConfiguration;
			buildSettings = {
				BUNDLE_LOADER = "$(BUILT_PRODUCTS_DIR)/Peepsies.app/Peepsies";
				FRAMEWORK_SEARCH_PATHS = (
					"$(SDKROOT)/Developer/Library/Frameworks",
					"$(inherited)",
					"$(DEVELOPER_FRAMEWORKS_DIR)",
				);
				GCC_PRECOMPILE_PREFIX_HEADER = YES;
				GCC_PREFIX_HEADER = "Peepsies/Peepsies-Prefix.pch";
				INFOPLIST_FILE = "PeepsiesTests/PeepsiesTests-Info.plist";
				PRODUCT_NAME = "$(TARGET_NAME)";
				TEST_HOST = "$(BUNDLE_LOADER)";
				WRAPPER_EXTENSION = xctest;
			};
			name = Release;
		};
/* End XCBuildConfiguration section */

/* Begin XCConfigurationList section */
		9C0674BA192A78A4003E74FB /* Build configuration list for PBXProject "Peepsies" */ = {
			isa = XCConfigurationList;
			buildConfigurations = (
				9C0674E9192A78A4003E74FB /* Debug */,
				9C0674EA192A78A4003E74FB /* Release */,
			);
			defaultConfigurationIsVisible = 0;
			defaultConfigurationName = Release;
		};
		9C0674EB192A78A4003E74FB /* Build configuration list for PBXNativeTarget "Peepsies" */ = {
			isa = XCConfigurationList;
			buildConfigurations = (
				9C0674EC192A78A4003E74FB /* Debug */,
				9C0674ED192A78A4003E74FB /* Release */,
			);
			defaultConfigurationIsVisible = 0;
			defaultConfigurationName = Release;
		};
		9C0674EE192A78A4003E74FB /* Build configuration list for PBXNativeTarget "PeepsiesTests" */ = {
			isa = XCConfigurationList;
			buildConfigurations = (
				9C0674EF192A78A4003E74FB /* Debug */,
				9C0674F0192A78A4003E74FB /* Release */,
			);
			defaultConfigurationIsVisible = 0;
			defaultConfigurationName = Release;
		};
/* End XCConfigurationList section */
	};
	rootObject = 9C0674B7192A78A4003E74FB /* Project object */;
}
